
Microsoft Visual Studio Solution File, Format Version 12.00
# Visual Studio Version 17
VisualStudioVersion = 17.14.36518.9 d17.14
MinimumVisualStudioVersion = 10.0.40219.1
Project("{FAE04EC0-301F-11D3-BF4B-00C04F79EFBC}") = "GastroWaga", "GastroWaga.csproj", "{A29EB5D6-E0A0-4887-B157-746FAD23418C}"
EndProject
Global
	GlobalSection(SolutionConfigurationPlatforms) = preSolution
		Debug|Any CPU = Debug|Any CPU
		Release|Any CPU = Release|Any CPU
	EndGlobalSection
	GlobalSection(ProjectConfigurationPlatforms) = postSolution
		{A29EB5D6-E0A0-4887-B157-746FAD23418C}.Debug|Any CPU.ActiveCfg = Debug|Any CPU
		{A29EB5D6-E0A0-4887-B157-746FAD23418C}.Debug|Any CPU.Build.0 = Debug|Any CPU
		{A29EB5D6-E0A0-4887-B157-746FAD23418C}.Release|Any CPU.ActiveCfg = Release|Any CPU
		{A29EB5D6-E0A0-4887-B157-746FAD23418C}.Release|Any CPU.Build.0 = Release|Any CPU
	EndGlobalSection
	GlobalSection(SolutionProperties) = preSolution
		HideSolutionNode = FALSE
	EndGlobalSection
	GlobalSection(ExtensibilityGlobals) = postSolution
		SolutionGuid = {B2B7654B-44C0-4846-99F7-2A86072F7DE3}
	EndGlobalSection
EndGlobal
